
Microsoft Visual Studio Solution File, Format Version 12.00
# Visual Studio Version 17
VisualStudioVersion = 17.4.33213.308
MinimumVisualStudioVersion = 10.0.40219.1
Project("{FAE04EC0-301F-11D3-BF4B-00C04F79EFBC}") = "PracticaMiguelGaibor", "PracticaMiguelGaibor\PracticaMiguelGaibor.csproj", "{3090C041-8698-4905-BD67-8E25F839DCB7}"
EndProject
Global
	GlobalSection(SolutionConfigurationPlatforms) = preSolution
		Debug|Any CPU = Debug|Any CPU
		Release|Any CPU = Release|Any CPU
	EndGlobalSection
	GlobalSection(ProjectConfigurationPlatforms) = postSolution
		{3090C041-8698-4905-BD67-8E25F839DCB7}.Debug|Any CPU.ActiveCfg = Debug|Any CPU
		{3090C041-8698-4905-BD67-8E25F839DCB7}.Debug|Any CPU.Build.0 = Debug|Any CPU
		{3090C041-8698-4905-BD67-8E25F839DCB7}.Release|Any CPU.ActiveCfg = Release|Any CPU
		{3090C041-8698-4905-BD67-8E25F839DCB7}.Release|Any CPU.Build.0 = Release|Any CPU
	EndGlobalSection
	GlobalSection(SolutionProperties) = preSolution
		HideSolutionNode = FALSE
	EndGlobalSection
	GlobalSection(ExtensibilityGlobals) = postSolution
		SolutionGuid = {6352384B-46F2-412E-8869-E4F2818AF7EF}
	EndGlobalSection
EndGlobal
